
Microsoft Visual Studio Solution File, Format Version 12.00
# Visual Studio Version 16
VisualStudioVersion = 16.0.30011.22
MinimumVisualStudioVersion = 10.0.40219.1
Project("{888888A0-9F3D-457C-B088-3A5042F75D52}") = "chess", "chess.pyproj", "{E7433EE6-1E69-46EF-9B14-42DF6A964707}"
EndProject
Global
	GlobalSection(SolutionConfigurationPlatforms) = preSolution
		Debug|Any CPU = Debug|Any CPU
		Release|Any CPU = Release|Any CPU
	EndGlobalSection
	GlobalSection(ProjectConfigurationPlatforms) = postSolution
		{E7433EE6-1E69-46EF-9B14-42DF6A964707}.Debug|Any CPU.ActiveCfg = Debug|Any CPU
		{E7433EE6-1E69-46EF-9B14-42DF6A964707}.Release|Any CPU.ActiveCfg = Release|Any CPU
	EndGlobalSection
	GlobalSection(SolutionProperties) = preSolution
		HideSolutionNode = FALSE
	EndGlobalSection
	GlobalSection(ExtensibilityGlobals) = postSolution
		SolutionGuid = {E954C3E9-531D-4725-8FE5-760D5E71FAAC}
	EndGlobalSection
EndGlobal
